
Microsoft Visual Studio Solution File, Format Version 12.00
# Visual Studio Version 17
VisualStudioVersion = 17.7.34009.444
MinimumVisualStudioVersion = 10.0.40219.1
Project("{9A19103F-16F7-4668-BE54-9A1E7A4F7556}") = "TODO.API", "TODO.API\TODO.API.csproj", "{6359F706-F9BA-49FC-91CE-4088204534B8}"
EndProject
Project("{2150E333-8FDC-42A3-9474-1A3956D46DE8}") = "src", "src", "{AF06BB09-53AB-42D2-8FF9-4B622CCF1F91}"
EndProject
Project("{2150E333-8FDC-42A3-9474-1A3956D46DE8}") = "presentation", "presentation", "{6C50E094-1F32-4F02-BED3-D6D2F9442F00}"
EndProject
Project("{2150E333-8FDC-42A3-9474-1A3956D46DE8}") = "core", "core", "{92ED49AB-78D3-4E16-AD34-A973A3B0FCCC}"
EndProject
Project("{2150E333-8FDC-42A3-9474-1A3956D46DE8}") = "infrastructure", "infrastructure", "{622ED510-7AFF-498C-AF14-1030A6253B68}"
EndProject
Project("{9A19103F-16F7-4668-BE54-9A1E7A4F7556}") = "TODO.Application", "TODO.Application\TODO.Application.csproj", "{04CCE6D9-191B-4FF8-B717-B2F4A7FF9AD7}"
EndProject
Project("{9A19103F-16F7-4668-BE54-9A1E7A4F7556}") = "TODO.Domain", "TODO.Domain\TODO.Domain.csproj", "{FAE1EE4F-2122-44F2-8FB6-60291403667C}"
EndProject
Project("{9A19103F-16F7-4668-BE54-9A1E7A4F7556}") = "TODO.Persistence", "TODO.Persistence\TODO.Persistence.csproj", "{F413EB46-8654-420C-9AE6-6F9C6227485E}"
EndProject
Project("{9A19103F-16F7-4668-BE54-9A1E7A4F7556}") = "TODO.Infrastructure", "TODO.Infrastructure\TODO.Infrastructure.csproj", "{5D1EFC4E-2B42-47CF-8C10-B4C5876ECC4B}"
EndProject
Global
	GlobalSection(SolutionConfigurationPlatforms) = preSolution
		Debug|Any CPU = Debug|Any CPU
		Release|Any CPU = Release|Any CPU
	EndGlobalSection
	GlobalSection(ProjectConfigurationPlatforms) = postSolution
		{6359F706-F9BA-49FC-91CE-4088204534B8}.Debug|Any CPU.ActiveCfg = Debug|Any CPU
		{6359F706-F9BA-49FC-91CE-4088204534B8}.Debug|Any CPU.Build.0 = Debug|Any CPU
		{6359F706-F9BA-49FC-91CE-4088204534B8}.Release|Any CPU.ActiveCfg = Release|Any CPU
		{6359F706-F9BA-49FC-91CE-4088204534B8}.Release|Any CPU.Build.0 = Release|Any CPU
		{04CCE6D9-191B-4FF8-B717-B2F4A7FF9AD7}.Debug|Any CPU.ActiveCfg = Debug|Any CPU
		{04CCE6D9-191B-4FF8-B717-B2F4A7FF9AD7}.Debug|Any CPU.Build.0 = Debug|Any CPU
		{04CCE6D9-191B-4FF8-B717-B2F4A7FF9AD7}.Release|Any CPU.ActiveCfg = Release|Any CPU
		{04CCE6D9-191B-4FF8-B717-B2F4A7FF9AD7}.Release|Any CPU.Build.0 = Release|Any CPU
		{FAE1EE4F-2122-44F2-8FB6-60291403667C}.Debug|Any CPU.ActiveCfg = Debug|Any CPU
		{FAE1EE4F-2122-44F2-8FB6-60291403667C}.Debug|Any CPU.Build.0 = Debug|Any CPU
		{FAE1EE4F-2122-44F2-8FB6-60291403667C}.Release|Any CPU.ActiveCfg = Release|Any CPU
		{FAE1EE4F-2122-44F2-8FB6-60291403667C}.Release|Any CPU.Build.0 = Release|Any CPU
		{F413EB46-8654-420C-9AE6-6F9C6227485E}.Debug|Any CPU.ActiveCfg = Debug|Any CPU
		{F413EB46-8654-420C-9AE6-6F9C6227485E}.Debug|Any CPU.Build.0 = Debug|Any CPU
		{F413EB46-8654-420C-9AE6-6F9C6227485E}.Release|Any CPU.ActiveCfg = Release|Any CPU
		{F413EB46-8654-420C-9AE6-6F9C6227485E}.Release|Any CPU.Build.0 = Release|Any CPU
		{5D1EFC4E-2B42-47CF-8C10-B4C5876ECC4B}.Debug|Any CPU.ActiveCfg = Debug|Any CPU
		{5D1EFC4E-2B42-47CF-8C10-B4C5876ECC4B}.Debug|Any CPU.Build.0 = Debug|Any CPU
		{5D1EFC4E-2B42-47CF-8C10-B4C5876ECC4B}.Release|Any CPU.ActiveCfg = Release|Any CPU
		{5D1EFC4E-2B42-47CF-8C10-B4C5876ECC4B}.Release|Any CPU.Build.0 = Release|Any CPU
	EndGlobalSection
	GlobalSection(SolutionProperties) = preSolution
		HideSolutionNode = FALSE
	EndGlobalSection
	GlobalSection(NestedProjects) = preSolution
		{6359F706-F9BA-49FC-91CE-4088204534B8} = {6C50E094-1F32-4F02-BED3-D6D2F9442F00}
		{6C50E094-1F32-4F02-BED3-D6D2F9442F00} = {AF06BB09-53AB-42D2-8FF9-4B622CCF1F91}
		{92ED49AB-78D3-4E16-AD34-A973A3B0FCCC} = {AF06BB09-53AB-42D2-8FF9-4B622CCF1F91}
		{622ED510-7AFF-498C-AF14-1030A6253B68} = {AF06BB09-53AB-42D2-8FF9-4B622CCF1F91}
		{04CCE6D9-191B-4FF8-B717-B2F4A7FF9AD7} = {92ED49AB-78D3-4E16-AD34-A973A3B0FCCC}
		{FAE1EE4F-2122-44F2-8FB6-60291403667C} = {92ED49AB-78D3-4E16-AD34-A973A3B0FCCC}
		{F413EB46-8654-420C-9AE6-6F9C6227485E} = {622ED510-7AFF-498C-AF14-1030A6253B68}
		{5D1EFC4E-2B42-47CF-8C10-B4C5876ECC4B} = {622ED510-7AFF-498C-AF14-1030A6253B68}
	EndGlobalSection
	GlobalSection(ExtensibilityGlobals) = postSolution
		SolutionGuid = {79CD456F-615D-4C5F-96C7-B6EAAFA158CD}
	EndGlobalSection
EndGlobal
